
Microsoft Visual Studio Solution File, Format Version 12.00
# Visual Studio Version 17
VisualStudioVersion = 17.0.31903.59
MinimumVisualStudioVersion = 10.0.40219.1
Project("{FAE04EC0-301F-11D3-BF4B-00C04F79EFBC}") = "ToDoList.Api", "ToDoList.Api\ToDoList.Api.csproj", "{C7ECE410-E9A1-416A-A9BB-F83387EE4059}"
EndProject
Project("{FAE04EC0-301F-11D3-BF4B-00C04F79EFBC}") = "ToDoList.Service", "ToDoList.Service\ToDoList.Service.csproj", "{EE4CB204-C732-4009-AF0D-BC8A3506C414}"
EndProject
Project("{FAE04EC0-301F-11D3-BF4B-00C04F79EFBC}") = "ToDoList.Common", "ToDoList.Common\ToDoList.Common.csproj", "{EEF9FC0A-FDBE-435E-9AE5-01C2811DA34E}"
EndProject
Project("{FAE04EC0-301F-11D3-BF4B-00C04F79EFBC}") = "ToDoList.UI", "ToDoList.UI\ToDoList.UI.csproj", "{8F7D1B12-9DF4-4BD6-AD06-A5BFC9141A3B}"
EndProject
Global
	GlobalSection(SolutionConfigurationPlatforms) = preSolution
		Debug|Any CPU = Debug|Any CPU
		Release|Any CPU = Release|Any CPU
	EndGlobalSection
	GlobalSection(ProjectConfigurationPlatforms) = postSolution
		{C7ECE410-E9A1-416A-A9BB-F83387EE4059}.Debug|Any CPU.ActiveCfg = Debug|Any CPU
		{C7ECE410-E9A1-416A-A9BB-F83387EE4059}.Debug|Any CPU.Build.0 = Debug|Any CPU
		{C7ECE410-E9A1-416A-A9BB-F83387EE4059}.Release|Any CPU.ActiveCfg = Release|Any CPU
		{C7ECE410-E9A1-416A-A9BB-F83387EE4059}.Release|Any CPU.Build.0 = Release|Any CPU
		{EE4CB204-C732-4009-AF0D-BC8A3506C414}.Debug|Any CPU.ActiveCfg = Debug|Any CPU
		{EE4CB204-C732-4009-AF0D-BC8A3506C414}.Debug|Any CPU.Build.0 = Debug|Any CPU
		{EE4CB204-C732-4009-AF0D-BC8A3506C414}.Release|Any CPU.ActiveCfg = Release|Any CPU
		{EE4CB204-C732-4009-AF0D-BC8A3506C414}.Release|Any CPU.Build.0 = Release|Any CPU
		{EEF9FC0A-FDBE-435E-9AE5-01C2811DA34E}.Debug|Any CPU.ActiveCfg = Debug|Any CPU
		{EEF9FC0A-FDBE-435E-9AE5-01C2811DA34E}.Debug|Any CPU.Build.0 = Debug|Any CPU
		{EEF9FC0A-FDBE-435E-9AE5-01C2811DA34E}.Release|Any CPU.ActiveCfg = Release|Any CPU
		{EEF9FC0A-FDBE-435E-9AE5-01C2811DA34E}.Release|Any CPU.Build.0 = Release|Any CPU
		{8F7D1B12-9DF4-4BD6-AD06-A5BFC9141A3B}.Debug|Any CPU.ActiveCfg = Debug|Any CPU
		{8F7D1B12-9DF4-4BD6-AD06-A5BFC9141A3B}.Debug|Any CPU.Build.0 = Debug|Any CPU
		{8F7D1B12-9DF4-4BD6-AD06-A5BFC9141A3B}.Release|Any CPU.ActiveCfg = Release|Any CPU
		{8F7D1B12-9DF4-4BD6-AD06-A5BFC9141A3B}.Release|Any CPU.Build.0 = Release|Any CPU
	EndGlobalSection
	GlobalSection(SolutionProperties) = preSolution
		HideSolutionNode = FALSE
	EndGlobalSection
	GlobalSection(ExtensibilityGlobals) = postSolution
		SolutionGuid = {B33A0847-9127-4A45-B33F-B5DDD437379D}
	EndGlobalSection
EndGlobal
